
Microsoft Visual Studio Solution File, Format Version 12.00
# Visual Studio Version 17
VisualStudioVersion = 17.3.32825.248
MinimumVisualStudioVersion = 10.0.40219.1
Project("{FAE04EC0-301F-11D3-BF4B-00C04F79EFBC}") = "testAPI", "testAPI.csproj", "{D397478D-BC66-4443-B81C-FDBE7266F8EA}"
EndProject
Global
	GlobalSection(SolutionConfigurationPlatforms) = preSolution
		Debug|Any CPU = Debug|Any CPU
		Release|Any CPU = Release|Any CPU
	EndGlobalSection
	GlobalSection(ProjectConfigurationPlatforms) = postSolution
		{D397478D-BC66-4443-B81C-FDBE7266F8EA}.Debug|Any CPU.ActiveCfg = Debug|Any CPU
		{D397478D-BC66-4443-B81C-FDBE7266F8EA}.Debug|Any CPU.Build.0 = Debug|Any CPU
		{D397478D-BC66-4443-B81C-FDBE7266F8EA}.Release|Any CPU.ActiveCfg = Release|Any CPU
		{D397478D-BC66-4443-B81C-FDBE7266F8EA}.Release|Any CPU.Build.0 = Release|Any CPU
	EndGlobalSection
	GlobalSection(SolutionProperties) = preSolution
		HideSolutionNode = FALSE
	EndGlobalSection
	GlobalSection(ExtensibilityGlobals) = postSolution
		SolutionGuid = {E2FC4675-9CE9-4B2F-8A40-2E19521BBF7A}
	EndGlobalSection
EndGlobal
